
Microsoft Visual Studio Solution File, Format Version 12.00
# Visual Studio 15
VisualStudioVersion = 15.0.28307.421
MinimumVisualStudioVersion = 10.0.40219.1
Project("{8BC9CEB8-8B4A-11D0-8D11-00A0C91BC942}") = "Exercicios_Recursao", "Exercicios_Recursao\Exercicios_Recursao.vcxproj", "{FCB39D1B-9D84-47F7-A8B6-3575FA90A8BE}"
EndProject
Global
	GlobalSection(SolutionConfigurationPlatforms) = preSolution
		Debug|x64 = Debug|x64
		Debug|x86 = Debug|x86
		Release|x64 = Release|x64
		Release|x86 = Release|x86
	EndGlobalSection
	GlobalSection(ProjectConfigurationPlatforms) = postSolution
		{FCB39D1B-9D84-47F7-A8B6-3575FA90A8BE}.Debug|x64.ActiveCfg = Debug|x64
		{FCB39D1B-9D84-47F7-A8B6-3575FA90A8BE}.Debug|x64.Build.0 = Debug|x64
		{FCB39D1B-9D84-47F7-A8B6-3575FA90A8BE}.Debug|x86.ActiveCfg = Debug|Win32
		{FCB39D1B-9D84-47F7-A8B6-3575FA90A8BE}.Debug|x86.Build.0 = Debug|Win32
		{FCB39D1B-9D84-47F7-A8B6-3575FA90A8BE}.Release|x64.ActiveCfg = Release|x64
		{FCB39D1B-9D84-47F7-A8B6-3575FA90A8BE}.Release|x64.Build.0 = Release|x64
		{FCB39D1B-9D84-47F7-A8B6-3575FA90A8BE}.Release|x86.ActiveCfg = Release|Win32
		{FCB39D1B-9D84-47F7-A8B6-3575FA90A8BE}.Release|x86.Build.0 = Release|Win32
	EndGlobalSection
	GlobalSection(SolutionProperties) = preSolution
		HideSolutionNode = FALSE
	EndGlobalSection
	GlobalSection(ExtensibilityGlobals) = postSolution
		SolutionGuid = {24405284-6CBA-4767-AB3C-B404F28AFF11}
	EndGlobalSection
EndGlobal
