
Microsoft Visual Studio Solution File, Format Version 12.00
# Visual Studio 15
VisualStudioVersion = 15.0.28307.421
MinimumVisualStudioVersion = 10.0.40219.1
Project("{8BC9CEB8-8B4A-11D0-8D11-00A0C91BC942}") = "AulaStreams", "AulaStreams\AulaStreams.vcxproj", "{3A4AF5D9-94D2-45AD-8937-71226AE25CD2}"
EndProject
Project("{8BC9CEB8-8B4A-11D0-8D11-00A0C91BC942}") = "leFalas", "leFalas\leFalas.vcxproj", "{5424B137-58AD-4D96-B3A7-F745510DD0BA}"
EndProject
Project("{8BC9CEB8-8B4A-11D0-8D11-00A0C91BC942}") = "alteraFalas", "alteraFalas\alteraFalas.vcxproj", "{FA21987C-9A8B-446F-9FFD-465541F0E510}"
EndProject
Global
	GlobalSection(SolutionConfigurationPlatforms) = preSolution
		Debug|x64 = Debug|x64
		Debug|x86 = Debug|x86
		Release|x64 = Release|x64
		Release|x86 = Release|x86
	EndGlobalSection
	GlobalSection(ProjectConfigurationPlatforms) = postSolution
		{3A4AF5D9-94D2-45AD-8937-71226AE25CD2}.Debug|x64.ActiveCfg = Debug|x64
		{3A4AF5D9-94D2-45AD-8937-71226AE25CD2}.Debug|x64.Build.0 = Debug|x64
		{3A4AF5D9-94D2-45AD-8937-71226AE25CD2}.Debug|x86.ActiveCfg = Debug|Win32
		{3A4AF5D9-94D2-45AD-8937-71226AE25CD2}.Debug|x86.Build.0 = Debug|Win32
		{3A4AF5D9-94D2-45AD-8937-71226AE25CD2}.Release|x64.ActiveCfg = Release|x64
		{3A4AF5D9-94D2-45AD-8937-71226AE25CD2}.Release|x64.Build.0 = Release|x64
		{3A4AF5D9-94D2-45AD-8937-71226AE25CD2}.Release|x86.ActiveCfg = Release|Win32
		{3A4AF5D9-94D2-45AD-8937-71226AE25CD2}.Release|x86.Build.0 = Release|Win32
		{5424B137-58AD-4D96-B3A7-F745510DD0BA}.Debug|x64.ActiveCfg = Debug|x64
		{5424B137-58AD-4D96-B3A7-F745510DD0BA}.Debug|x64.Build.0 = Debug|x64
		{5424B137-58AD-4D96-B3A7-F745510DD0BA}.Debug|x86.ActiveCfg = Debug|Win32
		{5424B137-58AD-4D96-B3A7-F745510DD0BA}.Debug|x86.Build.0 = Debug|Win32
		{5424B137-58AD-4D96-B3A7-F745510DD0BA}.Release|x64.ActiveCfg = Release|x64
		{5424B137-58AD-4D96-B3A7-F745510DD0BA}.Release|x64.Build.0 = Release|x64
		{5424B137-58AD-4D96-B3A7-F745510DD0BA}.Release|x86.ActiveCfg = Release|Win32
		{5424B137-58AD-4D96-B3A7-F745510DD0BA}.Release|x86.Build.0 = Release|Win32
		{FA21987C-9A8B-446F-9FFD-465541F0E510}.Debug|x64.ActiveCfg = Debug|x64
		{FA21987C-9A8B-446F-9FFD-465541F0E510}.Debug|x64.Build.0 = Debug|x64
		{FA21987C-9A8B-446F-9FFD-465541F0E510}.Debug|x86.ActiveCfg = Debug|Win32
		{FA21987C-9A8B-446F-9FFD-465541F0E510}.Debug|x86.Build.0 = Debug|Win32
		{FA21987C-9A8B-446F-9FFD-465541F0E510}.Release|x64.ActiveCfg = Release|x64
		{FA21987C-9A8B-446F-9FFD-465541F0E510}.Release|x64.Build.0 = Release|x64
		{FA21987C-9A8B-446F-9FFD-465541F0E510}.Release|x86.ActiveCfg = Release|Win32
		{FA21987C-9A8B-446F-9FFD-465541F0E510}.Release|x86.Build.0 = Release|Win32
	EndGlobalSection
	GlobalSection(SolutionProperties) = preSolution
		HideSolutionNode = FALSE
	EndGlobalSection
	GlobalSection(ExtensibilityGlobals) = postSolution
		SolutionGuid = {C295272A-BCC1-4370-91E7-2D3A85C4D98C}
	EndGlobalSection
EndGlobal
